
Microsoft Visual Studio Solution File, Format Version 12.00
# Visual Studio 14
VisualStudioVersion = 14.0.25420.1
MinimumVisualStudioVersion = 10.0.40219.1
Project("{FAE04EC0-301F-11D3-BF4B-00C04F79EFBC}") = "csharpHauer", "csharpHauer\csharpHauer.csproj", "{3E8005B7-F7E0-473D-AD77-EC4B621D7390}"
EndProject
Global
	GlobalSection(SolutionConfigurationPlatforms) = preSolution
		Debug|Any CPU = Debug|Any CPU
		Release|Any CPU = Release|Any CPU
	EndGlobalSection
	GlobalSection(ProjectConfigurationPlatforms) = postSolution
		{3E8005B7-F7E0-473D-AD77-EC4B621D7390}.Debug|Any CPU.ActiveCfg = Debug|Any CPU
		{3E8005B7-F7E0-473D-AD77-EC4B621D7390}.Debug|Any CPU.Build.0 = Debug|Any CPU
		{3E8005B7-F7E0-473D-AD77-EC4B621D7390}.Release|Any CPU.ActiveCfg = Release|Any CPU
		{3E8005B7-F7E0-473D-AD77-EC4B621D7390}.Release|Any CPU.Build.0 = Release|Any CPU
	EndGlobalSection
	GlobalSection(SolutionProperties) = preSolution
		HideSolutionNode = FALSE
	EndGlobalSection
EndGlobal
